// !$*UTF8*$!
{
	archiveVersion = 1;
	classes = {
	};
	objectVersion = 50;
	objects = {

/* Begin PBXBuildFile section */
		082AC56B24F5DBB200822E75 /* AppDelegate.swift in Sources */ = {isa = PBXBuildFile; fileRef = 082AC56A24F5DBB200822E75 /* AppDelegate.swift */; };
		082AC56D24F5DBB200822E75 /* SceneDelegate.swift in Sources */ = {isa = PBXBuildFile; fileRef = 082AC56C24F5DBB200822E75 /* SceneDelegate.swift */; };
		082AC56F24F5DBB200822E75 /* ViewController.swift in Sources */ = {isa = PBXBuildFile; fileRef = 082AC56E24F5DBB200822E75 /* ViewController.swift */; };
		082AC57224F5DBB200822E75 /* Main.storyboard in Resources */ = {isa = PBXBuildFile; fileRef = 082AC57024F5DBB200822E75 /* Main.storyboard */; };
		082AC57424F5DBB200822E75 /* Assets.xcassets in Resources */ = {isa = PBXBuildFile; fileRef = 082AC57324F5DBB200822E75 /* Assets.xcassets */; };
		082AC57724F5DBB200822E75 /* LaunchScreen.storyboard in Resources */ = {isa = PBXBuildFile; fileRef = 082AC57524F5DBB200822E75 /* LaunchScreen.storyboard */; };
		082AC57C24F5DBB200822E75 /* SunriseApp WatchKit App.app in Embed Watch Content */ = {isa = PBXBuildFile; fileRef = 082AC57B24F5DBB200822E75 /* SunriseApp WatchKit App.app */; settings = {ATTRIBUTES = (RemoveHeadersOnCopy, ); }; };
		082AC58224F5DBB200822E75 /* Interface.storyboard in Resources */ = {isa = PBXBuildFile; fileRef = 082AC58024F5DBB200822E75 /* Interface.storyboard */; };
		082AC58424F5DBB300822E75 /* Assets.xcassets in Resources */ = {isa = PBXBuildFile; fileRef = 082AC58324F5DBB300822E75 /* Assets.xcassets */; };
		082AC58B24F5DBB300822E75 /* SunriseApp WatchKit Extension.appex in Embed App Extensions */ = {isa = PBXBuildFile; fileRef = 082AC58A24F5DBB300822E75 /* SunriseApp WatchKit Extension.appex */; settings = {ATTRIBUTES = (RemoveHeadersOnCopy, ); }; };
		082AC59024F5DBB300822E75 /* InterfaceController.swift in Sources */ = {isa = PBXBuildFile; fileRef = 082AC58F24F5DBB300822E75 /* InterfaceController.swift */; };
		082AC59224F5DBB300822E75 /* ExtensionDelegate.swift in Sources */ = {isa = PBXBuildFile; fileRef = 082AC59124F5DBB300822E75 /* ExtensionDelegate.swift */; };
		082AC59424F5DBB300822E75 /* Assets.xcassets in Resources */ = {isa = PBXBuildFile; fileRef = 082AC59324F5DBB300822E75 /* Assets.xcassets */; };
/* End PBXBuildFile section */

/* Begin PBXContainerItemProxy section */
		082AC57D24F5DBB200822E75 /* PBXContainerItemProxy */ = {
			isa = PBXContainerItemProxy;
			containerPortal = 082AC55F24F5DBB200822E75 /* Project object */;
			proxyType = 1;
			remoteGlobalIDString = 082AC57A24F5DBB200822E75;
			remoteInfo = "SunriseApp WatchKit App";
		};
		082AC58C24F5DBB300822E75 /* PBXContainerItemProxy */ = {
			isa = PBXContainerItemProxy;
			containerPortal = 082AC55F24F5DBB200822E75 /* Project object */;
			proxyType = 1;
			remoteGlobalIDString = 082AC58924F5DBB300822E75;
			remoteInfo = "SunriseApp WatchKit Extension";
		};
/* End PBXContainerItemProxy section */

/* Begin PBXCopyFilesBuildPhase section */
		082AC59B24F5DBB300822E75 /* Embed App Extensions */ = {
			isa = PBXCopyFilesBuildPhase;
			buildActionMask = 2147483647;
			dstPath = "";
			dstSubfolderSpec = 13;
			files = (
				082AC58B24F5DBB300822E75 /* SunriseApp WatchKit Extension.appex in Embed App Extensions */,
			);
			name = "Embed App Extensions";
			runOnlyForDeploymentPostprocessing = 0;
		};
		082AC59F24F5DBB300822E75 /* Embed Watch Content */ = {
			isa = PBXCopyFilesBuildPhase;
			buildActionMask = 2147483647;
			dstPath = "$(CONTENTS_FOLDER_PATH)/Watch";
			dstSubfolderSpec = 16;
			files = (
				082AC57C24F5DBB200822E75 /* SunriseApp WatchKit App.app in Embed Watch Content */,
			);
			name = "Embed Watch Content";
			runOnlyForDeploymentPostprocessing = 0;
		};
/* End PBXCopyFilesBuildPhase section */

/* Begin PBXFileReference section */
		082AC56724F5DBB200822E75 /* SunriseApp.app */ = {isa = PBXFileReference; explicitFileType = wrapper.application; includeInIndex = 0; path = SunriseApp.app; sourceTree = BUILT_PRODUCTS_DIR; };
		082AC56A24F5DBB200822E75 /* AppDelegate.swift */ = {isa = PBXFileReference; lastKnownFileType = sourcecode.swift; path = AppDelegate.swift; sourceTree = "<group>"; };
		082AC56C24F5DBB200822E75 /* SceneDelegate.swift */ = {isa = PBXFileReference; lastKnownFileType = sourcecode.swift; path = SceneDelegate.swift; sourceTree = "<group>"; };
		082AC56E24F5DBB200822E75 /* ViewController.swift */ = {isa = PBXFileReference; lastKnownFileType = sourcecode.swift; path = ViewController.swift; sourceTree = "<group>"; };
		082AC57124F5DBB200822E75 /* Base */ = {isa = PBXFileReference; lastKnownFileType = file.storyboard; name = Base; path = Base.lproj/Main.storyboard; sourceTree = "<group>"; };
		082AC57324F5DBB200822E75 /* Assets.xcassets */ = {isa = PBXFileReference; lastKnownFileType = folder.assetcatalog; path = Assets.xcassets; sourceTree = "<group>"; };
		082AC57624F5DBB200822E75 /* Base */ = {isa = PBXFileReference; lastKnownFileType = file.storyboard; name = Base; path = Base.lproj/LaunchScreen.storyboard; sourceTree = "<group>"; };
		082AC57824F5DBB200822E75 /* Info.plist */ = {isa = PBXFileReference; lastKnownFileType = text.plist.xml; path = Info.plist; sourceTree = "<group>"; };
		082AC57B24F5DBB200822E75 /* SunriseApp WatchKit App.app */ = {isa = PBXFileReference; explicitFileType = wrapper.application; includeInIndex = 0; path = "SunriseApp WatchKit App.app"; sourceTree = BUILT_PRODUCTS_DIR; };
		082AC58124F5DBB200822E75 /* Base */ = {isa = PBXFileReference; lastKnownFileType = file.storyboard; name = Base; path = Base.lproj/Interface.storyboard; sourceTree = "<group>"; };
		082AC58324F5DBB300822E75 /* Assets.xcassets */ = {isa = PBXFileReference; lastKnownFileType = folder.assetcatalog; path = Assets.xcassets; sourceTree = "<group>"; };
		082AC58524F5DBB300822E75 /* Info.plist */ = {isa = PBXFileReference; lastKnownFileType = text.plist.xml; path = Info.plist; sourceTree = "<group>"; };
		082AC58A24F5DBB300822E75 /* SunriseApp WatchKit Extension.appex */ = {isa = PBXFileReference; explicitFileType = "wrapper.app-extension"; includeInIndex = 0; path = "SunriseApp WatchKit Extension.appex"; sourceTree = BUILT_PRODUCTS_DIR; };
		082AC58F24F5DBB300822E75 /* InterfaceController.swift */ = {isa = PBXFileReference; lastKnownFileType = sourcecode.swift; path = InterfaceController.swift; sourceTree = "<group>"; };
		082AC59124F5DBB300822E75 /* ExtensionDelegate.swift */ = {isa = PBXFileReference; lastKnownFileType = sourcecode.swift; path = ExtensionDelegate.swift; sourceTree = "<group>"; };
		082AC59324F5DBB300822E75 /* Assets.xcassets */ = {isa = PBXFileReference; lastKnownFileType = folder.assetcatalog; path = Assets.xcassets; sourceTree = "<group>"; };
		082AC59524F5DBB300822E75 /* Info.plist */ = {isa = PBXFileReference; lastKnownFileType = text.plist.xml; path = Info.plist; sourceTree = "<group>"; };
/* End PBXFileReference section */

/* Begin PBXFrameworksBuildPhase section */
		082AC56424F5DBB200822E75 /* Frameworks */ = {
			isa = PBXFrameworksBuildPhase;
			buildActionMask = 2147483647;
			files = (
			);
			runOnlyForDeploymentPostprocessing = 0;
		};
		082AC58724F5DBB300822E75 /* Frameworks */ = {
			isa = PBXFrameworksBuildPhase;
			buildActionMask = 2147483647;
			files = (
			);
			runOnlyForDeploymentPostprocessing = 0;
		};
/* End PBXFrameworksBuildPhase section */

/* Begin PBXGroup section */
		082AC55E24F5DBB200822E75 = {
			isa = PBXGroup;
			children = (
				082AC56924F5DBB200822E75 /* SunriseApp */,
				082AC57F24F5DBB200822E75 /* SunriseApp WatchKit App */,
				082AC58E24F5DBB300822E75 /* SunriseApp WatchKit Extension */,
				082AC56824F5DBB200822E75 /* Products */,
			);
			sourceTree = "<group>";
		};
		082AC56824F5DBB200822E75 /* Products */ = {
			isa = PBXGroup;
			children = (
				082AC56724F5DBB200822E75 /* SunriseApp.app */,
				082AC57B24F5DBB200822E75 /* SunriseApp WatchKit App.app */,
				082AC58A24F5DBB300822E75 /* SunriseApp WatchKit Extension.appex */,
			);
			name = Products;
			sourceTree = "<group>";
		};
		082AC56924F5DBB200822E75 /* SunriseApp */ = {
			isa = PBXGroup;
			children = (
				082AC56A24F5DBB200822E75 /* AppDelegate.swift */,
				082AC56C24F5DBB200822E75 /* SceneDelegate.swift */,
				082AC56E24F5DBB200822E75 /* ViewController.swift */,
				082AC57024F5DBB200822E75 /* Main.storyboard */,
				082AC57324F5DBB200822E75 /* Assets.xcassets */,
				082AC57524F5DBB200822E75 /* LaunchScreen.storyboard */,
				082AC57824F5DBB200822E75 /* Info.plist */,
			);
			path = SunriseApp;
			sourceTree = "<group>";
		};
		082AC57F24F5DBB200822E75 /* SunriseApp WatchKit App */ = {
			isa = PBXGroup;
			children = (
				082AC58024F5DBB200822E75 /* Interface.storyboard */,
				082AC58324F5DBB300822E75 /* Assets.xcassets */,
				082AC58524F5DBB300822E75 /* Info.plist */,
			);
			path = "SunriseApp WatchKit App";
			sourceTree = "<group>";
		};
		082AC58E24F5DBB300822E75 /* SunriseApp WatchKit Extension */ = {
			isa = PBXGroup;
			children = (
				082AC58F24F5DBB300822E75 /* InterfaceController.swift */,
				082AC59124F5DBB300822E75 /* ExtensionDelegate.swift */,
				082AC59324F5DBB300822E75 /* Assets.xcassets */,
				082AC59524F5DBB300822E75 /* Info.plist */,
			);
			path = "SunriseApp WatchKit Extension";
			sourceTree = "<group>";
		};
/* End PBXGroup section */

/* Begin PBXNativeTarget section */
		082AC56624F5DBB200822E75 /* SunriseApp */ = {
			isa = PBXNativeTarget;
			buildConfigurationList = 082AC5A024F5DBB300822E75 /* Build configuration list for PBXNativeTarget "SunriseApp" */;
			buildPhases = (
				082AC56324F5DBB200822E75 /* Sources */,
				082AC56424F5DBB200822E75 /* Frameworks */,
				082AC56524F5DBB200822E75 /* Resources */,
				082AC59F24F5DBB300822E75 /* Embed Watch Content */,
			);
			buildRules = (
			);
			dependencies = (
				082AC57E24F5DBB200822E75 /* PBXTargetDependency */,
			);
			name = SunriseApp;
			productName = SunriseApp;
			productReference = 082AC56724F5DBB200822E75 /* SunriseApp.app */;
			productType = "com.apple.product-type.application";
		};
		082AC57A24F5DBB200822E75 /* SunriseApp WatchKit App */ = {
			isa = PBXNativeTarget;
			buildConfigurationList = 082AC59C24F5DBB300822E75 /* Build configuration list for PBXNativeTarget "SunriseApp WatchKit App" */;
			buildPhases = (
				082AC57924F5DBB200822E75 /* Resources */,
				082AC59B24F5DBB300822E75 /* Embed App Extensions */,
			);
			buildRules = (
			);
			dependencies = (
				082AC58D24F5DBB300822E75 /* PBXTargetDependency */,
			);
			name = "SunriseApp WatchKit App";
			productName = "SunriseApp WatchKit App";
			productReference = 082AC57B24F5DBB200822E75 /* SunriseApp WatchKit App.app */;
			productType = "com.apple.product-type.application.watchapp2";
		};
		082AC58924F5DBB300822E75 /* SunriseApp WatchKit Extension */ = {
			isa = PBXNativeTarget;
			buildConfigurationList = 082AC59824F5DBB300822E75 /* Build configuration list for PBXNativeTarget "SunriseApp WatchKit Extension" */;
			buildPhases = (
				082AC58624F5DBB300822E75 /* Sources */,
				082AC58724F5DBB300822E75 /* Frameworks */,
				082AC58824F5DBB300822E75 /* Resources */,
			);
			buildRules = (
			);
			dependencies = (
			);
			name = "SunriseApp WatchKit Extension";
			productName = "SunriseApp WatchKit Extension";
			productReference = 082AC58A24F5DBB300822E75 /* SunriseApp WatchKit Extension.appex */;
			productType = "com.apple.product-type.watchkit2-extension";
		};
/* End PBXNativeTarget section */

/* Begin PBXProject section */
		082AC55F24F5DBB200822E75 /* Project object */ = {
			isa = PBXProject;
			attributes = {
				LastSwiftUpdateCheck = 1160;
				LastUpgradeCheck = 1160;
				ORGANIZATIONNAME = "Farzaad Goiporia";
				TargetAttributes = {
					082AC56624F5DBB200822E75 = {
						CreatedOnToolsVersion = 11.6;
					};
					082AC57A24F5DBB200822E75 = {
						CreatedOnToolsVersion = 11.6;
					};
					082AC58924F5DBB300822E75 = {
						CreatedOnToolsVersion = 11.6;
					};
				};
			};
			buildConfigurationList = 082AC56224F5DBB200822E75 /* Build configuration list for PBXProject "SunriseApp" */;
			compatibilityVersion = "Xcode 9.3";
			developmentRegion = en;
			hasScannedForEncodings = 0;
			knownRegions = (
				en,
				Base,
			);
			mainGroup = 082AC55E24F5DBB200822E75;
			productRefGroup = 082AC56824F5DBB200822E75 /* Products */;
			projectDirPath = "";
			projectRoot = "";
			targets = (
				082AC56624F5DBB200822E75 /* SunriseApp */,
				082AC57A24F5DBB200822E75 /* SunriseApp WatchKit App */,
				082AC58924F5DBB300822E75 /* SunriseApp WatchKit Extension */,
			);
		};
/* End PBXProject section */

/* Begin PBXResourcesBuildPhase section */
		082AC56524F5DBB200822E75 /* Resources */ = {
			isa = PBXResourcesBuildPhase;
			buildActionMask = 2147483647;
			files = (
				082AC57724F5DBB200822E75 /* LaunchScreen.storyboard in Resources */,
				082AC57424F5DBB200822E75 /* Assets.xcassets in Resources */,
				082AC57224F5DBB200822E75 /* Main.storyboard in Resources */,
			);
			runOnlyForDeploymentPostprocessing = 0;
		};
		082AC57924F5DBB200822E75 /* Resources */ = {
			isa = PBXResourcesBuildPhase;
			buildActionMask = 2147483647;
			files = (
				082AC58424F5DBB300822E75 /* Assets.xcassets in Resources */,
				082AC58224F5DBB200822E75 /* Interface.storyboard in Resources */,
			);
			runOnlyForDeploymentPostprocessing = 0;
		};
		082AC58824F5DBB300822E75 /* Resources */ = {
			isa = PBXResourcesBuildPhase;
			buildActionMask = 2147483647;
			files = (
				082AC59424F5DBB300822E75 /* Assets.xcassets in Resources */,
			);
			runOnlyForDeploymentPostprocessing = 0;
		};
/* End PBXResourcesBuildPhase section */

/* Begin PBXSourcesBuildPhase section */
		082AC56324F5DBB200822E75 /* Sources */ = {
			isa = PBXSourcesBuildPhase;
			buildActionMask = 2147483647;
			files = (
				082AC56F24F5DBB200822E75 /* ViewController.swift in Sources */,
				082AC56B24F5DBB200822E75 /* AppDelegate.swift in Sources */,
				082AC56D24F5DBB200822E75 /* SceneDelegate.swift in Sources */,
			);
			runOnlyForDeploymentPostprocessing = 0;
		};
		082AC58624F5DBB300822E75 /* Sources */ = {
			isa = PBXSourcesBuildPhase;
			buildActionMask = 2147483647;
			files = (
				082AC59224F5DBB300822E75 /* ExtensionDelegate.swift in Sources */,
				082AC59024F5DBB300822E75 /* InterfaceController.swift in Sources */,
			);
			runOnlyForDeploymentPostprocessing = 0;
		};
/* End PBXSourcesBuildPhase section */

/* Begin PBXTargetDependency section */
		082AC57E24F5DBB200822E75 /* PBXTargetDependency */ = {
			isa = PBXTargetDependency;
			target = 082AC57A24F5DBB200822E75 /* SunriseApp WatchKit App */;
			targetProxy = 082AC57D24F5DBB200822E75 /* PBXContainerItemProxy */;
		};
		082AC58D24F5DBB300822E75 /* PBXTargetDependency */ = {
			isa = PBXTargetDependency;
			target = 082AC58924F5DBB300822E75 /* SunriseApp WatchKit Extension */;
			targetProxy = 082AC58C24F5DBB300822E75 /* PBXContainerItemProxy */;
		};
/* End PBXTargetDependency section */

/* Begin PBXVariantGroup section */
		082AC57024F5DBB200822E75 /* Main.storyboard */ = {
			isa = PBXVariantGroup;
			children = (
				082AC57124F5DBB200822E75 /* Base */,
			);
			name = Main.storyboard;
			sourceTree = "<group>";
		};
		082AC57524F5DBB200822E75 /* LaunchScreen.storyboard */ = {
			isa = PBXVariantGroup;
			children = (
				082AC57624F5DBB200822E75 /* Base */,
			);
			name = LaunchScreen.storyboard;
			sourceTree = "<group>";
		};
		082AC58024F5DBB200822E75 /* Interface.storyboard */ = {
			isa = PBXVariantGroup;
			children = (
				082AC58124F5DBB200822E75 /* Base */,
			);
			name = Interface.storyboard;
			sourceTree = "<group>";
		};
/* End PBXVariantGroup section */

/* Begin XCBuildConfiguration section */
		082AC59624F5DBB300822E75 /* Debug */ = {
			isa = XCBuildConfiguration;
			buildSettings = {
				ALWAYS_SEARCH_USER_PATHS = NO;
				CLANG_ANALYZER_NONNULL = YES;
				CLANG_ANALYZER_NUMBER_OBJECT_CONVERSION = YES_AGGRESSIVE;
				CLANG_CXX_LANGUAGE_STANDARD = "gnu++14";
				CLANG_CXX_LIBRARY = "libc++";
				CLANG_ENABLE_MODULES = YES;
				CLANG_ENABLE_OBJC_ARC = YES;
				CLANG_ENABLE_OBJC_WEAK = YES;
				CLANG_WARN_BLOCK_CAPTURE_AUTORELEASING = YES;
				CLANG_WARN_BOOL_CONVERSION = YES;
				CLANG_WARN_COMMA = YES;
				CLANG_WARN_CONSTANT_CONVERSION = YES;
				CLANG_WARN_DEPRECATED_OBJC_IMPLEMENTATIONS = YES;
				CLANG_WARN_DIRECT_OBJC_ISA_USAGE = YES_ERROR;
				CLANG_WARN_DOCUMENTATION_COMMENTS = YES;
				CLANG_WARN_EMPTY_BODY = YES;
				CLANG_WARN_ENUM_CONVERSION = YES;
				CLANG_WARN_INFINITE_RECURSION = YES;
				CLANG_WARN_INT_CONVERSION = YES;
				CLANG_WARN_NON_LITERAL_NULL_CONVERSION = YES;
				CLANG_WARN_OBJC_IMPLICIT_RETAIN_SELF = YES;
				CLANG_WARN_OBJC_LITERAL_CONVERSION = YES;
				CLANG_WARN_OBJC_ROOT_CLASS = YES_ERROR;
				CLANG_WARN_RANGE_LOOP_ANALYSIS = YES;
				CLANG_WARN_STRICT_PROTOTYPES = YES;
				CLANG_WARN_SUSPICIOUS_MOVE = YES;
				CLANG_WARN_UNGUARDED_AVAILABILITY = YES_AGGRESSIVE;
				CLANG_WARN_UNREACHABLE_CODE = YES;
				CLANG_WARN__DUPLICATE_METHOD_MATCH = YES;
				COPY_PHASE_STRIP = NO;
				DEBUG_INFORMATION_FORMAT = dwarf;
				ENABLE_STRICT_OBJC_MSGSEND = YES;
				ENABLE_TESTABILITY = YES;
				GCC_C_LANGUAGE_STANDARD = gnu11;
				GCC_DYNAMIC_NO_PIC = NO;
				GCC_NO_COMMON_BLOCKS = YES;
				GCC_OPTIMIZATION_LEVEL = 0;
				GCC_PREPROCESSOR_DEFINITIONS = (
					"DEBUG=1",
					"$(inherited)",
				);
				GCC_WARN_64_TO_32_BIT_CONVERSION = YES;
				GCC_WARN_ABOUT_RETURN_TYPE = YES_ERROR;
				GCC_WARN_UNDECLARED_SELECTOR = YES;
				GCC_WARN_UNINITIALIZED_AUTOS = YES_AGGRESSIVE;
				GCC_WARN_UNUSED_FUNCTION = YES;
				GCC_WARN_UNUSED_VARIABLE = YES;
				IPHONEOS_DEPLOYMENT_TARGET = 13.6;
				MTL_ENABLE_DEBUG_INFO = INCLUDE_SOURCE;
				MTL_FAST_MATH = YES;
				ONLY_ACTIVE_ARCH = YES;
				SDKROOT = iphoneos;
				SWIFT_ACTIVE_COMPILATION_CONDITIONS = DEBUG;
				SWIFT_OPTIMIZATION_LEVEL = "-Onone";
			};
			name = Debug;
		};
		082AC59724F5DBB300822E75 /* Release */ = {
			isa = XCBuildConfiguration;
			buildSettings = {
				ALWAYS_SEARCH_USER_PATHS = NO;
				CLANG_ANALYZER_NONNULL = YES;
				CLANG_ANALYZER_NUMBER_OBJECT_CONVERSION = YES_AGGRESSIVE;
				CLANG_CXX_LANGUAGE_STANDARD = "gnu++14";
				CLANG_CXX_LIBRARY = "libc++";
				CLANG_ENABLE_MODULES = YES;
				CLANG_ENABLE_OBJC_ARC = YES;
				CLANG_ENABLE_OBJC_WEAK = YES;
				CLANG_WARN_BLOCK_CAPTURE_AUTORELEASING = YES;
				CLANG_WARN_BOOL_CONVERSION = YES;
				CLANG_WARN_COMMA = YES;
				CLANG_WARN_CONSTANT_CONVERSION = YES;
				CLANG_WARN_DEPRECATED_OBJC_IMPLEMENTATIONS = YES;
				CLANG_WARN_DIRECT_OBJC_ISA_USAGE = YES_ERROR;
				CLANG_WARN_DOCUMENTATION_COMMENTS = YES;
				CLANG_WARN_EMPTY_BODY = YES;
				CLANG_WARN_ENUM_CONVERSION = YES;
				CLANG_WARN_INFINITE_RECURSION = YES;
				CLANG_WARN_INT_CONVERSION = YES;
				CLANG_WARN_NON_LITERAL_NULL_CONVERSION = YES;
				CLANG_WARN_OBJC_IMPLICIT_RETAIN_SELF = YES;
				CLANG_WARN_OBJC_LITERAL_CONVERSION = YES;
				CLANG_WARN_OBJC_ROOT_CLASS = YES_ERROR;
				CLANG_WARN_RANGE_LOOP_ANALYSIS = YES;
				CLANG_WARN_STRICT_PROTOTYPES = YES;
				CLANG_WARN_SUSPICIOUS_MOVE = YES;
				CLANG_WARN_UNGUARDED_AVAILABILITY = YES_AGGRESSIVE;
				CLANG_WARN_UNREACHABLE_CODE = YES;
				CLANG_WARN__DUPLICATE_METHOD_MATCH = YES;
				COPY_PHASE_STRIP = NO;
				DEBUG_INFORMATION_FORMAT = "dwarf-with-dsym";
				ENABLE_NS_ASSERTIONS = NO;
				ENABLE_STRICT_OBJC_MSGSEND = YES;
				GCC_C_LANGUAGE_STANDARD = gnu11;
				GCC_NO_COMMON_BLOCKS = YES;
				GCC_WARN_64_TO_32_BIT_CONVERSION = YES;
				GCC_WARN_ABOUT_RETURN_TYPE = YES_ERROR;
				GCC_WARN_UNDECLARED_SELECTOR = YES;
				GCC_WARN_UNINITIALIZED_AUTOS = YES_AGGRESSIVE;
				GCC_WARN_UNUSED_FUNCTION = YES;
				GCC_WARN_UNUSED_VARIABLE = YES;
				IPHONEOS_DEPLOYMENT_TARGET = 13.6;
				MTL_ENABLE_DEBUG_INFO = NO;
				MTL_FAST_MATH = YES;
				SDKROOT = iphoneos;
				SWIFT_COMPILATION_MODE = wholemodule;
				SWIFT_OPTIMIZATION_LEVEL = "-O";
				VALIDATE_PRODUCT = YES;
			};
			name = Release;
		};
		082AC59924F5DBB300822E75 /* Debug */ = {
			isa = XCBuildConfiguration;
			buildSettings = {
				ASSETCATALOG_COMPILER_COMPLICATION_NAME = Complication;
				CODE_SIGN_STYLE = Automatic;
				INFOPLIST_FILE = "SunriseApp WatchKit Extension/Info.plist";
				LD_RUNPATH_SEARCH_PATHS = (
					"$(inherited)",
					"@executable_path/Frameworks",
					"@executable_path/../../Frameworks",
				);
				PRODUCT_BUNDLE_IDENTIFIER = com.farzaad.SunriseApp.watchkitapp.watchkitextension;
				PRODUCT_NAME = "${TARGET_NAME}";
				SDKROOT = watchos;
				SKIP_INSTALL = YES;
				SWIFT_VERSION = 5.0;
				TARGETED_DEVICE_FAMILY = 4;
				WATCHOS_DEPLOYMENT_TARGET = 6.2;
			};
			name = Debug;
		};
		082AC59A24F5DBB300822E75 /* Release */ = {
			isa = XCBuildConfiguration;
			buildSettings = {
				ASSETCATALOG_COMPILER_COMPLICATION_NAME = Complication;
				CODE_SIGN_STYLE = Automatic;
				INFOPLIST_FILE = "SunriseApp WatchKit Extension/Info.plist";
				LD_RUNPATH_SEARCH_PATHS = (
					"$(inherited)",
					"@executable_path/Frameworks",
					"@executable_path/../../Frameworks",
				);
				PRODUCT_BUNDLE_IDENTIFIER = com.farzaad.SunriseApp.watchkitapp.watchkitextension;
				PRODUCT_NAME = "${TARGET_NAME}";
				SDKROOT = watchos;
				SKIP_INSTALL = YES;
				SWIFT_VERSION = 5.0;
				TARGETED_DEVICE_FAMILY = 4;
				WATCHOS_DEPLOYMENT_TARGET = 6.2;
			};
			name = Release;
		};
		082AC59D24F5DBB300822E75 /* Debug */ = {
			isa = XCBuildConfiguration;
			buildSettings = {
				ALWAYS_EMBED_SWIFT_STANDARD_LIBRARIES = YES;
				ASSETCATALOG_COMPILER_APPICON_NAME = AppIcon;
				CODE_SIGN_STYLE = Automatic;
				IBSC_MODULE = SunriseApp_WatchKit_Extension;
				INFOPLIST_FILE = "SunriseApp WatchKit App/Info.plist";
				PRODUCT_BUNDLE_IDENTIFIER = com.farzaad.SunriseApp.watchkitapp;
				PRODUCT_NAME = "$(TARGET_NAME)";
				SDKROOT = watchos;
				SKIP_INSTALL = YES;
				SWIFT_VERSION = 5.0;
				TARGETED_DEVICE_FAMILY = 4;
				WATCHOS_DEPLOYMENT_TARGET = 6.2;
			};
			name = Debug;
		};
		082AC59E24F5DBB300822E75 /* Release */ = {
			isa = XCBuildConfiguration;
			buildSettings = {
				ALWAYS_EMBED_SWIFT_STANDARD_LIBRARIES = YES;
				ASSETCATALOG_COMPILER_APPICON_NAME = AppIcon;
				CODE_SIGN_STYLE = Automatic;
				IBSC_MODULE = SunriseApp_WatchKit_Extension;
				INFOPLIST_FILE = "SunriseApp WatchKit App/Info.plist";
				PRODUCT_BUNDLE_IDENTIFIER = com.farzaad.SunriseApp.watchkitapp;
				PRODUCT_NAME = "$(TARGET_NAME)";
				SDKROOT = watchos;
				SKIP_INSTALL = YES;
				SWIFT_VERSION = 5.0;
				TARGETED_DEVICE_FAMILY = 4;
				WATCHOS_DEPLOYMENT_TARGET = 6.2;
			};
			name = Release;
		};
		082AC5A124F5DBB300822E75 /* Debug */ = {
			isa = XCBuildConfiguration;
			buildSettings = {
				ASSETCATALOG_COMPILER_APPICON_NAME = AppIcon;
				CODE_SIGN_STYLE = Automatic;
				INFOPLIST_FILE = SunriseApp/Info.plist;
				LD_RUNPATH_SEARCH_PATHS = (
					"$(inherited)",
					"@executable_path/Frameworks",
				);
				PRODUCT_BUNDLE_IDENTIFIER = com.farzaad.SunriseApp;
				PRODUCT_NAME = "$(TARGET_NAME)";
				SWIFT_VERSION = 5.0;
				TARGETED_DEVICE_FAMILY = "1,2";
			};
			name = Debug;
		};
		082AC5A224F5DBB300822E75 /* Release */ = {
			isa = XCBuildConfiguration;
			buildSettings = {
				ASSETCATALOG_COMPILER_APPICON_NAME = AppIcon;
				CODE_SIGN_STYLE = Automatic;
				INFOPLIST_FILE = SunriseApp/Info.plist;
				LD_RUNPATH_SEARCH_PATHS = (
					"$(inherited)",
					"@executable_path/Frameworks",
				);
				PRODUCT_BUNDLE_IDENTIFIER = com.farzaad.SunriseApp;
				PRODUCT_NAME = "$(TARGET_NAME)";
				SWIFT_VERSION = 5.0;
				TARGETED_DEVICE_FAMILY = "1,2";
			};
			name = Release;
		};
/* End XCBuildConfiguration section */

/* Begin XCConfigurationList section */
		082AC56224F5DBB200822E75 /* Build configuration list for PBXProject "SunriseApp" */ = {
			isa = XCConfigurationList;
			buildConfigurations = (
				082AC59624F5DBB300822E75 /* Debug */,
				082AC59724F5DBB300822E75 /* Release */,
			);
			defaultConfigurationIsVisible = 0;
			defaultConfigurationName = Release;
		};
		082AC59824F5DBB300822E75 /* Build configuration list for PBXNativeTarget "SunriseApp WatchKit Extension" */ = {
			isa = XCConfigurationList;
			buildConfigurations = (
				082AC59924F5DBB300822E75 /* Debug */,
				082AC59A24F5DBB300822E75 /* Release */,
			);
			defaultConfigurationIsVisible = 0;
			defaultConfigurationName = Release;
		};
		082AC59C24F5DBB300822E75 /* Build configuration list for PBXNativeTarget "SunriseApp WatchKit App" */ = {
			isa = XCConfigurationList;
			buildConfigurations = (
				082AC59D24F5DBB300822E75 /* Debug */,
				082AC59E24F5DBB300822E75 /* Release */,
			);
			defaultConfigurationIsVisible = 0;
			defaultConfigurationName = Release;
		};
		082AC5A024F5DBB300822E75 /* Build configuration list for PBXNativeTarget "SunriseApp" */ = {
			isa = XCConfigurationList;
			buildConfigurations = (
				082AC5A124F5DBB300822E75 /* Debug */,
				082AC5A224F5DBB300822E75 /* Release */,
			);
			defaultConfigurationIsVisible = 0;
			defaultConfigurationName = Release;
		};
/* End XCConfigurationList section */
	};
	rootObject = 082AC55F24F5DBB200822E75 /* Project object */;
}
